
Microsoft Visual Studio Solution File, Format Version 12.00
# Visual Studio 14
VisualStudioVersion = 14.0.24720.0
MinimumVisualStudioVersion = 10.0.40219.1
Project("{2150E333-8FDC-42A3-9474-1A3956D46DE8}") = "Presentation", "Presentation", "{4C5796D0-42B7-4436-A8C2-1B53A989835E}"
EndProject
Project("{FAE04EC0-301F-11D3-BF4B-00C04F79EFBC}") = "ULA.Shell", "Presentation\ULA.Shell\ULA.Shell.csproj", "{DC4C8DC2-3526-4F87-8387-0E9F40BF0497}"
EndProject
Project("{2150E333-8FDC-42A3-9474-1A3956D46DE8}") = ".nuget", ".nuget", "{CC0AC4C9-4AA2-40ED-BBF6-7F8E18BD1BDD}"
	ProjectSection(SolutionItems) = preProject
		.nuget\NuGet.Config = .nuget\NuGet.Config
		.nuget\NuGet.exe = .nuget\NuGet.exe
		.nuget\NuGet.targets = .nuget\NuGet.targets
	EndProjectSection
EndProject
Project("{2150E333-8FDC-42A3-9474-1A3956D46DE8}") = "CompositionRoot", "CompositionRoot", "{C4EA50E7-3A96-4C59-A1ED-EB38ACB61424}"
EndProject
Project("{FAE04EC0-301F-11D3-BF4B-00C04F79EFBC}") = "ULA.CompositionRoot", "CompositionRoot\ULA.CompositionRoot\ULA.CompositionRoot.csproj", "{BD56BE1B-82AB-48CF-8D46-6D31099C79CC}"
EndProject
Project("{FAE04EC0-301F-11D3-BF4B-00C04F79EFBC}") = "ULA.Presentation", "Presentation\ULA.Presentation\ULA.Presentation.csproj", "{AE8BC796-4315-4CEF-8C49-47D2FEF8E924}"
EndProject
Project("{FAE04EC0-301F-11D3-BF4B-00C04F79EFBC}") = "ULA.Presentation.Infrastructure", "Presentation\ULA.Presentation.Infrastructure\ULA.Presentation.Infrastructure.csproj", "{C19D4D7C-ED69-4B17-AFAA-CB0D8025393F}"
EndProject
Project("{2150E333-8FDC-42A3-9474-1A3956D46DE8}") = "Interceptors", "Interceptors", "{5CF17BE0-CCDB-481A-A4A9-CE03754EBD92}"
EndProject
Project("{FAE04EC0-301F-11D3-BF4B-00C04F79EFBC}") = "ULA.Interceptors", "Interceptors\ULA.Interceptors\ULA.Interceptors.csproj", "{C0904323-0610-4DB3-9251-46091B9D3A1A}"
EndProject
Project("{FAE04EC0-301F-11D3-BF4B-00C04F79EFBC}") = "ULA.Presentation.SharedResourses", "Presentation\ULA.Presentation.SharedResourses\ULA.Presentation.SharedResourses.csproj", "{8E81341F-61F1-47BF-8929-B9A6FFF148FB}"
EndProject
Project("{2150E333-8FDC-42A3-9474-1A3956D46DE8}") = "SharedVersion", "SharedVersion", "{28600BDA-2E2C-4856-86D9-6A7FB081D941}"
	ProjectSection(SolutionItems) = preProject
		SharedVersion\GlobalAssemblyVersion.cs = SharedVersion\GlobalAssemblyVersion.cs
	EndProjectSection
EndProject
Project("{FAE04EC0-301F-11D3-BF4B-00C04F79EFBC}") = "ULA.Localization", "Interceptors\ULA.Localization\ULA.Localization.csproj", "{5F153A4D-B039-42A8-99D7-CD5C4997F77B}"
EndProject
Project("{2150E333-8FDC-42A3-9474-1A3956D46DE8}") = "Business", "Business", "{769F9401-1018-415F-B64A-B284183ED494}"
EndProject
Project("{FAE04EC0-301F-11D3-BF4B-00C04F79EFBC}") = "ULA.Business", "Business\ULA.Business\ULA.Business.csproj", "{FFD15E66-2DDB-4C5F-AEE7-D9584A5C9812}"
EndProject
Project("{FAE04EC0-301F-11D3-BF4B-00C04F79EFBC}") = "ULA.Business.Infrastructure", "Business\ULA.Business.Infrastructure\ULA.Business.Infrastructure.csproj", "{EDFE9736-6D0D-458F-84E7-56BC1A78FD6E}"
EndProject
Project("{FAE04EC0-301F-11D3-BF4B-00C04F79EFBC}") = "ULA.AddinsHost", "Interceptors\ULA.AddinsHost\ULA.AddinsHost.csproj", "{7869E618-6828-4FFA-83B1-F3318E62A74C}"
EndProject
Project("{2150E333-8FDC-42A3-9474-1A3956D46DE8}") = "Devices", "Devices", "{4EEF6615-6C2B-47C7-881F-A69DBFC54B47}"
EndProject
Project("{2150E333-8FDC-42A3-9474-1A3956D46DE8}") = "Runo3", "Runo3", "{706A7E66-BB61-4C79-8E7E-C37D77306D9E}"
EndProject
Project("{2150E333-8FDC-42A3-9474-1A3956D46DE8}") = "SharedVersion", "SharedVersion", "{BA9D3BB5-8202-40D9-8976-9E4CE41D4B3B}"
	ProjectSection(SolutionItems) = preProject
		Devices\Runo3\SharedVersion\Runo3Version.cs = Devices\Runo3\SharedVersion\Runo3Version.cs
	EndProjectSection
EndProject
Project("{FAE04EC0-301F-11D3-BF4B-00C04F79EFBC}") = "ULA.Common", "Interceptors\ULA.Common\ULA.Common.csproj", "{C5DF1364-61C7-43A9-A8BC-38A40427959D}"
EndProject
Project("{2150E333-8FDC-42A3-9474-1A3956D46DE8}") = "Protocols", "Protocols", "{47E174F9-EC71-4927-97DC-46B5FBDBF296}"
EndProject
Project("{2150E333-8FDC-42A3-9474-1A3956D46DE8}") = "PICONGS", "PICONGS", "{F30D70E7-6BAB-4B36-9471-E0B1F09C3FD0}"
EndProject
Project("{FAE04EC0-301F-11D3-BF4B-00C04F79EFBC}") = "ULA.Devices.PICONGS.Business", "Devices\PICONGS\ULA.Devices.PICONGS.Business\ULA.Devices.PICONGS.Business.csproj", "{6CD67905-934E-49CC-92CA-2BB979F28F05}"
EndProject
Project("{FAE04EC0-301F-11D3-BF4B-00C04F79EFBC}") = "ULA.Devices.PICONGS.Localization", "Devices\PICONGS\ULA.Devices.PICONGS.Localization\ULA.Devices.PICONGS.Localization.csproj", "{DBF2C6A5-E42B-449E-8897-6D5A3FBBE973}"
EndProject
Project("{FAE04EC0-301F-11D3-BF4B-00C04F79EFBC}") = "ULA.Devices.PICONGS.Presentation", "Devices\PICONGS\ULA.Devices.PICONGS.Presentation\ULA.Devices.PICONGS.Presentation.csproj", "{9A9B6C38-9823-4958-BA86-5126D20AA5B8}"
EndProject
Project("{2150E333-8FDC-42A3-9474-1A3956D46DE8}") = "SharedVersion", "SharedVersion", "{803D9516-9F7A-416A-9015-C9593452A12C}"
	ProjectSection(SolutionItems) = preProject
		Devices\PICONGS\SharedVersion\PICONGSVersion.cs = Devices\PICONGS\SharedVersion\PICONGSVersion.cs
	EndProjectSection
EndProject
Project("{2150E333-8FDC-42A3-9474-1A3956D46DE8}") = "ConnectionService", "ConnectionService", "{769882DB-4C0C-422A-9978-3F2629394E42}"
EndProject
Project("{FAE04EC0-301F-11D3-BF4B-00C04F79EFBC}") = "ULA.ApplicationConnectionService", "ApplicationConnectionService\ULA.ApplicationConnectionService.csproj", "{C6A93A8F-4240-4060-B708-92A66077EABC}"
EndProject
Project("{FAE04EC0-301F-11D3-BF4B-00C04F79EFBC}") = "ULA.Protocols.System", "Protocols\ULA.Protocols.System\ULA.Protocols.System.csproj", "{28AED74E-A17A-4A54-AA11-16160AE797B3}"
EndProject
Project("{FAE04EC0-301F-11D3-BF4B-00C04F79EFBC}") = "ULA.Devices.Runo3.Business", "Devices\Runo3\ULA.Devices.Runo3.Business\ULA.Devices.Runo3.Business.csproj", "{6125D07E-F7F4-4B40-AA65-3B4915D12705}"
EndProject
Project("{FAE04EC0-301F-11D3-BF4B-00C04F79EFBC}") = "ULA.Devices.Runo3.Localization", "Devices\Runo3\ULA.Devices.Runo3.Localization\ULA.Devices.Runo3.Localization.csproj", "{01D19C6B-F771-419C-9107-6C40BB993129}"
EndProject
Project("{FAE04EC0-301F-11D3-BF4B-00C04F79EFBC}") = "ULA.Devices.Runo3.Presentation", "Devices\Runo3\ULA.Devices.Runo3.Presentation\ULA.Devices.Runo3.Presentation.csproj", "{C5913A2A-A012-4D93-BD10-DC5E22DBCFD6}"
EndProject
Project("{2150E333-8FDC-42A3-9474-1A3956D46DE8}") = "PICON2", "PICON2", "{9AC63AFC-7F42-4D9E-929B-7892F4C44D7B}"
EndProject
Project("{FAE04EC0-301F-11D3-BF4B-00C04F79EFBC}") = "ULA.Devices.PICON2.Business", "Devices\PICON2\ULA.Devices.PICON2.Business\ULA.Devices.PICON2.Business.csproj", "{D9E2E352-2690-4449-AC9D-A21526D24E14}"
EndProject
Project("{FAE04EC0-301F-11D3-BF4B-00C04F79EFBC}") = "ULA.Devices.PICON2.Localization", "Devices\PICON2\ULA.Devices.PICON2.Localization\ULA.Devices.PICON2.Localization.csproj", "{4B8CACB0-87B8-4C9F-9A43-A539EBC6C8A2}"
EndProject
Project("{FAE04EC0-301F-11D3-BF4B-00C04F79EFBC}") = "ULA.Devices.PICON2.Presentation", "Devices\PICON2\ULA.Devices.PICON2.Presentation\ULA.Devices.PICON2.Presentation.csproj", "{5CC5E7ED-B809-462F-9974-4838F9FFA80C}"
EndProject
Project("{2150E333-8FDC-42A3-9474-1A3956D46DE8}") = "Drivers", "Drivers", "{0D3A87C9-95EE-4A8E-B2C7-BE2C4424CC3F}"
EndProject
Project("{FAE04EC0-301F-11D3-BF4B-00C04F79EFBC}") = "ULA.Drivers.TcpFamily", "Drivers\ModbusFamily\ULA.Drivers.TcpFamily\ULA.Drivers.TcpFamily.csproj", "{DB703517-CD26-42D6-93F8-31FF8340CABE}"
EndProject
Project("{2150E333-8FDC-42A3-9474-1A3956D46DE8}") = "Setup", "Setup", "{4A9B509B-328A-4F95-97C6-9FF36978E904}"
EndProject
Project("{930C7802-8A8C-48F9-8165-68863BCCD9DD}") = "SUNO.Setup", "ULA.Setup\SUNO.Setup.wixproj", "{ADE22C4D-F4AE-4B10-995C-0D3A56BE43CD}"
EndProject
Project("{2150E333-8FDC-42A3-9474-1A3956D46DE8}") = "Presentation", "Presentation", "{409029D5-BD38-4B81-83E2-7A6E212B3DEC}"
EndProject
Project("{FAE04EC0-301F-11D3-BF4B-00C04F79EFBC}") = "ULA.Devices.Presentation", "Devices\Presentation\ULA.Devices.Presentation\ULA.Devices.Presentation.csproj", "{C91C1A6F-CCE9-428B-B154-15ABF1E819DA}"
EndProject
Project("{FAE04EC0-301F-11D3-BF4B-00C04F79EFBC}") = "ULA.Log", "ULA.Log\ULA.Log.csproj", "{221CF20F-6617-4C04-A7B2-6C9AECE104F5}"
EndProject
Project("{2150E333-8FDC-42A3-9474-1A3956D46DE8}") = "ModBus", "ModBus", "{4F97126E-2C8E-4E42-877C-08DB87F481AA}"
EndProject
Project("{FAE04EC0-301F-11D3-BF4B-00C04F79EFBC}") = "NModBus4", "NModBus4\NModBus4.csproj", "{BB89DFEB-3F10-4E29-BFAB-595521776601}"
EndProject
Project("{FAE04EC0-301F-11D3-BF4B-00C04F79EFBC}") = "ULA.ApplicationConnectionServiceTests", "ULA.ApplicationConnectionServiceTests\ULA.ApplicationConnectionServiceTests.csproj", "{C1E959F2-DB79-4083-BB6A-24C489312C22}"
EndProject
Global
	GlobalSection(SolutionConfigurationPlatforms) = preSolution
		Debug|Any CPU = Debug|Any CPU
		Debug|x86 = Debug|x86
		Release|Any CPU = Release|Any CPU
		Release|x86 = Release|x86
	EndGlobalSection
	GlobalSection(ProjectConfigurationPlatforms) = postSolution
		{DC4C8DC2-3526-4F87-8387-0E9F40BF0497}.Debug|Any CPU.ActiveCfg = Debug|Any CPU
		{DC4C8DC2-3526-4F87-8387-0E9F40BF0497}.Debug|Any CPU.Build.0 = Debug|Any CPU
		{DC4C8DC2-3526-4F87-8387-0E9F40BF0497}.Debug|x86.ActiveCfg = Debug|Any CPU
		{DC4C8DC2-3526-4F87-8387-0E9F40BF0497}.Debug|x86.Build.0 = Debug|Any CPU
		{DC4C8DC2-3526-4F87-8387-0E9F40BF0497}.Release|Any CPU.ActiveCfg = Release|Any CPU
		{DC4C8DC2-3526-4F87-8387-0E9F40BF0497}.Release|Any CPU.Build.0 = Release|Any CPU
		{DC4C8DC2-3526-4F87-8387-0E9F40BF0497}.Release|x86.ActiveCfg = Release|Any CPU
		{DC4C8DC2-3526-4F87-8387-0E9F40BF0497}.Release|x86.Build.0 = Release|Any CPU
		{BD56BE1B-82AB-48CF-8D46-6D31099C79CC}.Debug|Any CPU.ActiveCfg = Debug|Any CPU
		{BD56BE1B-82AB-48CF-8D46-6D31099C79CC}.Debug|Any CPU.Build.0 = Debug|Any CPU
		{BD56BE1B-82AB-48CF-8D46-6D31099C79CC}.Debug|x86.ActiveCfg = Debug|Any CPU
		{BD56BE1B-82AB-48CF-8D46-6D31099C79CC}.Debug|x86.Build.0 = Debug|Any CPU
		{BD56BE1B-82AB-48CF-8D46-6D31099C79CC}.Release|Any CPU.ActiveCfg = Release|Any CPU
		{BD56BE1B-82AB-48CF-8D46-6D31099C79CC}.Release|Any CPU.Build.0 = Release|Any CPU
		{BD56BE1B-82AB-48CF-8D46-6D31099C79CC}.Release|x86.ActiveCfg = Release|Any CPU
		{BD56BE1B-82AB-48CF-8D46-6D31099C79CC}.Release|x86.Build.0 = Release|Any CPU
		{AE8BC796-4315-4CEF-8C49-47D2FEF8E924}.Debug|Any CPU.ActiveCfg = Debug|Any CPU
		{AE8BC796-4315-4CEF-8C49-47D2FEF8E924}.Debug|Any CPU.Build.0 = Debug|Any CPU
		{AE8BC796-4315-4CEF-8C49-47D2FEF8E924}.Debug|x86.ActiveCfg = Debug|Any CPU
		{AE8BC796-4315-4CEF-8C49-47D2FEF8E924}.Debug|x86.Build.0 = Debug|Any CPU
		{AE8BC796-4315-4CEF-8C49-47D2FEF8E924}.Release|Any CPU.ActiveCfg = Release|Any CPU
		{AE8BC796-4315-4CEF-8C49-47D2FEF8E924}.Release|Any CPU.Build.0 = Release|Any CPU
		{AE8BC796-4315-4CEF-8C49-47D2FEF8E924}.Release|x86.ActiveCfg = Release|Any CPU
		{AE8BC796-4315-4CEF-8C49-47D2FEF8E924}.Release|x86.Build.0 = Release|Any CPU
		{C19D4D7C-ED69-4B17-AFAA-CB0D8025393F}.Debug|Any CPU.ActiveCfg = Debug|Any CPU
		{C19D4D7C-ED69-4B17-AFAA-CB0D8025393F}.Debug|Any CPU.Build.0 = Debug|Any CPU
		{C19D4D7C-ED69-4B17-AFAA-CB0D8025393F}.Debug|x86.ActiveCfg = Debug|Any CPU
		{C19D4D7C-ED69-4B17-AFAA-CB0D8025393F}.Debug|x86.Build.0 = Debug|Any CPU
		{C19D4D7C-ED69-4B17-AFAA-CB0D8025393F}.Release|Any CPU.ActiveCfg = Release|Any CPU
		{C19D4D7C-ED69-4B17-AFAA-CB0D8025393F}.Release|Any CPU.Build.0 = Release|Any CPU
		{C19D4D7C-ED69-4B17-AFAA-CB0D8025393F}.Release|x86.ActiveCfg = Release|Any CPU
		{C19D4D7C-ED69-4B17-AFAA-CB0D8025393F}.Release|x86.Build.0 = Release|Any CPU
		{C0904323-0610-4DB3-9251-46091B9D3A1A}.Debug|Any CPU.ActiveCfg = Debug|Any CPU
		{C0904323-0610-4DB3-9251-46091B9D3A1A}.Debug|Any CPU.Build.0 = Debug|Any CPU
		{C0904323-0610-4DB3-9251-46091B9D3A1A}.Debug|x86.ActiveCfg = Debug|Any CPU
		{C0904323-0610-4DB3-9251-46091B9D3A1A}.Debug|x86.Build.0 = Debug|Any CPU
		{C0904323-0610-4DB3-9251-46091B9D3A1A}.Release|Any CPU.ActiveCfg = Release|Any CPU
		{C0904323-0610-4DB3-9251-46091B9D3A1A}.Release|Any CPU.Build.0 = Release|Any CPU
		{C0904323-0610-4DB3-9251-46091B9D3A1A}.Release|x86.ActiveCfg = Release|Any CPU
		{C0904323-0610-4DB3-9251-46091B9D3A1A}.Release|x86.Build.0 = Release|Any CPU
		{8E81341F-61F1-47BF-8929-B9A6FFF148FB}.Debug|Any CPU.ActiveCfg = Debug|Any CPU
		{8E81341F-61F1-47BF-8929-B9A6FFF148FB}.Debug|Any CPU.Build.0 = Debug|Any CPU
		{8E81341F-61F1-47BF-8929-B9A6FFF148FB}.Debug|x86.ActiveCfg = Debug|Any CPU
		{8E81341F-61F1-47BF-8929-B9A6FFF148FB}.Debug|x86.Build.0 = Debug|Any CPU
		{8E81341F-61F1-47BF-8929-B9A6FFF148FB}.Release|Any CPU.ActiveCfg = Release|Any CPU
		{8E81341F-61F1-47BF-8929-B9A6FFF148FB}.Release|Any CPU.Build.0 = Release|Any CPU
		{8E81341F-61F1-47BF-8929-B9A6FFF148FB}.Release|x86.ActiveCfg = Release|Any CPU
		{8E81341F-61F1-47BF-8929-B9A6FFF148FB}.Release|x86.Build.0 = Release|Any CPU
		{5F153A4D-B039-42A8-99D7-CD5C4997F77B}.Debug|Any CPU.ActiveCfg = Debug|Any CPU
		{5F153A4D-B039-42A8-99D7-CD5C4997F77B}.Debug|Any CPU.Build.0 = Debug|Any CPU
		{5F153A4D-B039-42A8-99D7-CD5C4997F77B}.Debug|x86.ActiveCfg = Debug|Any CPU
		{5F153A4D-B039-42A8-99D7-CD5C4997F77B}.Debug|x86.Build.0 = Debug|Any CPU
		{5F153A4D-B039-42A8-99D7-CD5C4997F77B}.Release|Any CPU.ActiveCfg = Release|Any CPU
		{5F153A4D-B039-42A8-99D7-CD5C4997F77B}.Release|Any CPU.Build.0 = Release|Any CPU
		{5F153A4D-B039-42A8-99D7-CD5C4997F77B}.Release|x86.ActiveCfg = Release|Any CPU
		{5F153A4D-B039-42A8-99D7-CD5C4997F77B}.Release|x86.Build.0 = Release|Any CPU
		{FFD15E66-2DDB-4C5F-AEE7-D9584A5C9812}.Debug|Any CPU.ActiveCfg = Debug|Any CPU
		{FFD15E66-2DDB-4C5F-AEE7-D9584A5C9812}.Debug|Any CPU.Build.0 = Debug|Any CPU
		{FFD15E66-2DDB-4C5F-AEE7-D9584A5C9812}.Debug|x86.ActiveCfg = Debug|Any CPU
		{FFD15E66-2DDB-4C5F-AEE7-D9584A5C9812}.Debug|x86.Build.0 = Debug|Any CPU
		{FFD15E66-2DDB-4C5F-AEE7-D9584A5C9812}.Release|Any CPU.ActiveCfg = Release|Any CPU
		{FFD15E66-2DDB-4C5F-AEE7-D9584A5C9812}.Release|Any CPU.Build.0 = Release|Any CPU
		{FFD15E66-2DDB-4C5F-AEE7-D9584A5C9812}.Release|x86.ActiveCfg = Release|Any CPU
		{FFD15E66-2DDB-4C5F-AEE7-D9584A5C9812}.Release|x86.Build.0 = Release|Any CPU
		{EDFE9736-6D0D-458F-84E7-56BC1A78FD6E}.Debug|Any CPU.ActiveCfg = Debug|Any CPU
		{EDFE9736-6D0D-458F-84E7-56BC1A78FD6E}.Debug|Any CPU.Build.0 = Debug|Any CPU
		{EDFE9736-6D0D-458F-84E7-56BC1A78FD6E}.Debug|x86.ActiveCfg = Debug|Any CPU
		{EDFE9736-6D0D-458F-84E7-56BC1A78FD6E}.Debug|x86.Build.0 = Debug|Any CPU
		{EDFE9736-6D0D-458F-84E7-56BC1A78FD6E}.Release|Any CPU.ActiveCfg = Release|Any CPU
		{EDFE9736-6D0D-458F-84E7-56BC1A78FD6E}.Release|Any CPU.Build.0 = Release|Any CPU
		{EDFE9736-6D0D-458F-84E7-56BC1A78FD6E}.Release|x86.ActiveCfg = Release|Any CPU
		{EDFE9736-6D0D-458F-84E7-56BC1A78FD6E}.Release|x86.Build.0 = Release|Any CPU
		{7869E618-6828-4FFA-83B1-F3318E62A74C}.Debug|Any CPU.ActiveCfg = Debug|Any CPU
		{7869E618-6828-4FFA-83B1-F3318E62A74C}.Debug|Any CPU.Build.0 = Debug|Any CPU
		{7869E618-6828-4FFA-83B1-F3318E62A74C}.Debug|x86.ActiveCfg = Debug|Any CPU
		{7869E618-6828-4FFA-83B1-F3318E62A74C}.Debug|x86.Build.0 = Debug|Any CPU
		{7869E618-6828-4FFA-83B1-F3318E62A74C}.Release|Any CPU.ActiveCfg = Release|Any CPU
		{7869E618-6828-4FFA-83B1-F3318E62A74C}.Release|Any CPU.Build.0 = Release|Any CPU
		{7869E618-6828-4FFA-83B1-F3318E62A74C}.Release|x86.ActiveCfg = Release|Any CPU
		{7869E618-6828-4FFA-83B1-F3318E62A74C}.Release|x86.Build.0 = Release|Any CPU
		{C5DF1364-61C7-43A9-A8BC-38A40427959D}.Debug|Any CPU.ActiveCfg = Debug|Any CPU
		{C5DF1364-61C7-43A9-A8BC-38A40427959D}.Debug|Any CPU.Build.0 = Debug|Any CPU
		{C5DF1364-61C7-43A9-A8BC-38A40427959D}.Debug|x86.ActiveCfg = Debug|Any CPU
		{C5DF1364-61C7-43A9-A8BC-38A40427959D}.Debug|x86.Build.0 = Debug|Any CPU
		{C5DF1364-61C7-43A9-A8BC-38A40427959D}.Release|Any CPU.ActiveCfg = Release|Any CPU
		{C5DF1364-61C7-43A9-A8BC-38A40427959D}.Release|Any CPU.Build.0 = Release|Any CPU
		{C5DF1364-61C7-43A9-A8BC-38A40427959D}.Release|x86.ActiveCfg = Release|Any CPU
		{C5DF1364-61C7-43A9-A8BC-38A40427959D}.Release|x86.Build.0 = Release|Any CPU
		{6CD67905-934E-49CC-92CA-2BB979F28F05}.Debug|Any CPU.ActiveCfg = Debug|Any CPU
		{6CD67905-934E-49CC-92CA-2BB979F28F05}.Debug|Any CPU.Build.0 = Debug|Any CPU
		{6CD67905-934E-49CC-92CA-2BB979F28F05}.Debug|x86.ActiveCfg = Debug|Any CPU
		{6CD67905-934E-49CC-92CA-2BB979F28F05}.Debug|x86.Build.0 = Debug|Any CPU
		{6CD67905-934E-49CC-92CA-2BB979F28F05}.Release|Any CPU.ActiveCfg = Release|Any CPU
		{6CD67905-934E-49CC-92CA-2BB979F28F05}.Release|Any CPU.Build.0 = Release|Any CPU
		{6CD67905-934E-49CC-92CA-2BB979F28F05}.Release|x86.ActiveCfg = Release|Any CPU
		{6CD67905-934E-49CC-92CA-2BB979F28F05}.Release|x86.Build.0 = Release|Any CPU
		{DBF2C6A5-E42B-449E-8897-6D5A3FBBE973}.Debug|Any CPU.ActiveCfg = Debug|Any CPU
		{DBF2C6A5-E42B-449E-8897-6D5A3FBBE973}.Debug|Any CPU.Build.0 = Debug|Any CPU
		{DBF2C6A5-E42B-449E-8897-6D5A3FBBE973}.Debug|x86.ActiveCfg = Debug|Any CPU
		{DBF2C6A5-E42B-449E-8897-6D5A3FBBE973}.Debug|x86.Build.0 = Debug|Any CPU
		{DBF2C6A5-E42B-449E-8897-6D5A3FBBE973}.Release|Any CPU.ActiveCfg = Release|Any CPU
		{DBF2C6A5-E42B-449E-8897-6D5A3FBBE973}.Release|Any CPU.Build.0 = Release|Any CPU
		{DBF2C6A5-E42B-449E-8897-6D5A3FBBE973}.Release|x86.ActiveCfg = Release|Any CPU
		{DBF2C6A5-E42B-449E-8897-6D5A3FBBE973}.Release|x86.Build.0 = Release|Any CPU
		{9A9B6C38-9823-4958-BA86-5126D20AA5B8}.Debug|Any CPU.ActiveCfg = Debug|Any CPU
		{9A9B6C38-9823-4958-BA86-5126D20AA5B8}.Debug|Any CPU.Build.0 = Debug|Any CPU
		{9A9B6C38-9823-4958-BA86-5126D20AA5B8}.Debug|x86.ActiveCfg = Debug|Any CPU
		{9A9B6C38-9823-4958-BA86-5126D20AA5B8}.Debug|x86.Build.0 = Debug|Any CPU
		{9A9B6C38-9823-4958-BA86-5126D20AA5B8}.Release|Any CPU.ActiveCfg = Release|Any CPU
		{9A9B6C38-9823-4958-BA86-5126D20AA5B8}.Release|Any CPU.Build.0 = Release|Any CPU
		{9A9B6C38-9823-4958-BA86-5126D20AA5B8}.Release|x86.ActiveCfg = Release|Any CPU
		{9A9B6C38-9823-4958-BA86-5126D20AA5B8}.Release|x86.Build.0 = Release|Any CPU
		{C6A93A8F-4240-4060-B708-92A66077EABC}.Debug|Any CPU.ActiveCfg = Debug|Any CPU
		{C6A93A8F-4240-4060-B708-92A66077EABC}.Debug|Any CPU.Build.0 = Debug|Any CPU
		{C6A93A8F-4240-4060-B708-92A66077EABC}.Debug|x86.ActiveCfg = Debug|Any CPU
		{C6A93A8F-4240-4060-B708-92A66077EABC}.Debug|x86.Build.0 = Debug|Any CPU
		{C6A93A8F-4240-4060-B708-92A66077EABC}.Release|Any CPU.ActiveCfg = Release|Any CPU
		{C6A93A8F-4240-4060-B708-92A66077EABC}.Release|Any CPU.Build.0 = Release|Any CPU
		{C6A93A8F-4240-4060-B708-92A66077EABC}.Release|x86.ActiveCfg = Release|Any CPU
		{C6A93A8F-4240-4060-B708-92A66077EABC}.Release|x86.Build.0 = Release|Any CPU
		{28AED74E-A17A-4A54-AA11-16160AE797B3}.Debug|Any CPU.ActiveCfg = Debug|Any CPU
		{28AED74E-A17A-4A54-AA11-16160AE797B3}.Debug|Any CPU.Build.0 = Debug|Any CPU
		{28AED74E-A17A-4A54-AA11-16160AE797B3}.Debug|x86.ActiveCfg = Debug|Any CPU
		{28AED74E-A17A-4A54-AA11-16160AE797B3}.Debug|x86.Build.0 = Debug|Any CPU
		{28AED74E-A17A-4A54-AA11-16160AE797B3}.Release|Any CPU.ActiveCfg = Release|Any CPU
		{28AED74E-A17A-4A54-AA11-16160AE797B3}.Release|Any CPU.Build.0 = Release|Any CPU
		{28AED74E-A17A-4A54-AA11-16160AE797B3}.Release|x86.ActiveCfg = Release|Any CPU
		{28AED74E-A17A-4A54-AA11-16160AE797B3}.Release|x86.Build.0 = Release|Any CPU
		{6125D07E-F7F4-4B40-AA65-3B4915D12705}.Debug|Any CPU.ActiveCfg = Debug|Any CPU
		{6125D07E-F7F4-4B40-AA65-3B4915D12705}.Debug|Any CPU.Build.0 = Debug|Any CPU
		{6125D07E-F7F4-4B40-AA65-3B4915D12705}.Debug|x86.ActiveCfg = Debug|Any CPU
		{6125D07E-F7F4-4B40-AA65-3B4915D12705}.Debug|x86.Build.0 = Debug|Any CPU
		{6125D07E-F7F4-4B40-AA65-3B4915D12705}.Release|Any CPU.ActiveCfg = Release|Any CPU
		{6125D07E-F7F4-4B40-AA65-3B4915D12705}.Release|Any CPU.Build.0 = Release|Any CPU
		{6125D07E-F7F4-4B40-AA65-3B4915D12705}.Release|x86.ActiveCfg = Release|Any CPU
		{6125D07E-F7F4-4B40-AA65-3B4915D12705}.Release|x86.Build.0 = Release|Any CPU
		{01D19C6B-F771-419C-9107-6C40BB993129}.Debug|Any CPU.ActiveCfg = Debug|Any CPU
		{01D19C6B-F771-419C-9107-6C40BB993129}.Debug|Any CPU.Build.0 = Debug|Any CPU
		{01D19C6B-F771-419C-9107-6C40BB993129}.Debug|x86.ActiveCfg = Debug|Any CPU
		{01D19C6B-F771-419C-9107-6C40BB993129}.Debug|x86.Build.0 = Debug|Any CPU
		{01D19C6B-F771-419C-9107-6C40BB993129}.Release|Any CPU.ActiveCfg = Release|Any CPU
		{01D19C6B-F771-419C-9107-6C40BB993129}.Release|Any CPU.Build.0 = Release|Any CPU
		{01D19C6B-F771-419C-9107-6C40BB993129}.Release|x86.ActiveCfg = Release|Any CPU
		{01D19C6B-F771-419C-9107-6C40BB993129}.Release|x86.Build.0 = Release|Any CPU
		{C5913A2A-A012-4D93-BD10-DC5E22DBCFD6}.Debug|Any CPU.ActiveCfg = Debug|Any CPU
		{C5913A2A-A012-4D93-BD10-DC5E22DBCFD6}.Debug|Any CPU.Build.0 = Debug|Any CPU
		{C5913A2A-A012-4D93-BD10-DC5E22DBCFD6}.Debug|x86.ActiveCfg = Debug|Any CPU
		{C5913A2A-A012-4D93-BD10-DC5E22DBCFD6}.Debug|x86.Build.0 = Debug|Any CPU
		{C5913A2A-A012-4D93-BD10-DC5E22DBCFD6}.Release|Any CPU.ActiveCfg = Release|Any CPU
		{C5913A2A-A012-4D93-BD10-DC5E22DBCFD6}.Release|Any CPU.Build.0 = Release|Any CPU
		{C5913A2A-A012-4D93-BD10-DC5E22DBCFD6}.Release|x86.ActiveCfg = Release|Any CPU
		{C5913A2A-A012-4D93-BD10-DC5E22DBCFD6}.Release|x86.Build.0 = Release|Any CPU
		{D9E2E352-2690-4449-AC9D-A21526D24E14}.Debug|Any CPU.ActiveCfg = Debug|Any CPU
		{D9E2E352-2690-4449-AC9D-A21526D24E14}.Debug|Any CPU.Build.0 = Debug|Any CPU
		{D9E2E352-2690-4449-AC9D-A21526D24E14}.Debug|x86.ActiveCfg = Debug|Any CPU
		{D9E2E352-2690-4449-AC9D-A21526D24E14}.Debug|x86.Build.0 = Debug|Any CPU
		{D9E2E352-2690-4449-AC9D-A21526D24E14}.Release|Any CPU.ActiveCfg = Release|Any CPU
		{D9E2E352-2690-4449-AC9D-A21526D24E14}.Release|Any CPU.Build.0 = Release|Any CPU
		{D9E2E352-2690-4449-AC9D-A21526D24E14}.Release|x86.ActiveCfg = Release|Any CPU
		{D9E2E352-2690-4449-AC9D-A21526D24E14}.Release|x86.Build.0 = Release|Any CPU
		{4B8CACB0-87B8-4C9F-9A43-A539EBC6C8A2}.Debug|Any CPU.ActiveCfg = Debug|Any CPU
		{4B8CACB0-87B8-4C9F-9A43-A539EBC6C8A2}.Debug|Any CPU.Build.0 = Debug|Any CPU
		{4B8CACB0-87B8-4C9F-9A43-A539EBC6C8A2}.Debug|x86.ActiveCfg = Debug|Any CPU
		{4B8CACB0-87B8-4C9F-9A43-A539EBC6C8A2}.Debug|x86.Build.0 = Debug|Any CPU
		{4B8CACB0-87B8-4C9F-9A43-A539EBC6C8A2}.Release|Any CPU.ActiveCfg = Release|Any CPU
		{4B8CACB0-87B8-4C9F-9A43-A539EBC6C8A2}.Release|Any CPU.Build.0 = Release|Any CPU
		{4B8CACB0-87B8-4C9F-9A43-A539EBC6C8A2}.Release|x86.ActiveCfg = Release|Any CPU
		{4B8CACB0-87B8-4C9F-9A43-A539EBC6C8A2}.Release|x86.Build.0 = Release|Any CPU
		{5CC5E7ED-B809-462F-9974-4838F9FFA80C}.Debug|Any CPU.ActiveCfg = Debug|Any CPU
		{5CC5E7ED-B809-462F-9974-4838F9FFA80C}.Debug|Any CPU.Build.0 = Debug|Any CPU
		{5CC5E7ED-B809-462F-9974-4838F9FFA80C}.Debug|x86.ActiveCfg = Debug|Any CPU
		{5CC5E7ED-B809-462F-9974-4838F9FFA80C}.Debug|x86.Build.0 = Debug|Any CPU
		{5CC5E7ED-B809-462F-9974-4838F9FFA80C}.Release|Any CPU.ActiveCfg = Release|Any CPU
		{5CC5E7ED-B809-462F-9974-4838F9FFA80C}.Release|Any CPU.Build.0 = Release|Any CPU
		{5CC5E7ED-B809-462F-9974-4838F9FFA80C}.Release|x86.ActiveCfg = Release|Any CPU
		{5CC5E7ED-B809-462F-9974-4838F9FFA80C}.Release|x86.Build.0 = Release|Any CPU
		{DB703517-CD26-42D6-93F8-31FF8340CABE}.Debug|Any CPU.ActiveCfg = Debug|Any CPU
		{DB703517-CD26-42D6-93F8-31FF8340CABE}.Debug|Any CPU.Build.0 = Debug|Any CPU
		{DB703517-CD26-42D6-93F8-31FF8340CABE}.Debug|x86.ActiveCfg = Debug|Any CPU
		{DB703517-CD26-42D6-93F8-31FF8340CABE}.Debug|x86.Build.0 = Debug|Any CPU
		{DB703517-CD26-42D6-93F8-31FF8340CABE}.Release|Any CPU.ActiveCfg = Release|Any CPU
		{DB703517-CD26-42D6-93F8-31FF8340CABE}.Release|Any CPU.Build.0 = Release|Any CPU
		{DB703517-CD26-42D6-93F8-31FF8340CABE}.Release|x86.ActiveCfg = Release|Any CPU
		{DB703517-CD26-42D6-93F8-31FF8340CABE}.Release|x86.Build.0 = Release|Any CPU
		{ADE22C4D-F4AE-4B10-995C-0D3A56BE43CD}.Debug|Any CPU.ActiveCfg = Debug|x86
		{ADE22C4D-F4AE-4B10-995C-0D3A56BE43CD}.Debug|x86.ActiveCfg = Debug|x86
		{ADE22C4D-F4AE-4B10-995C-0D3A56BE43CD}.Debug|x86.Build.0 = Debug|x86
		{ADE22C4D-F4AE-4B10-995C-0D3A56BE43CD}.Release|Any CPU.ActiveCfg = Release|x86
		{ADE22C4D-F4AE-4B10-995C-0D3A56BE43CD}.Release|x86.ActiveCfg = Release|x86
		{ADE22C4D-F4AE-4B10-995C-0D3A56BE43CD}.Release|x86.Build.0 = Release|x86
		{C91C1A6F-CCE9-428B-B154-15ABF1E819DA}.Debug|Any CPU.ActiveCfg = Debug|Any CPU
		{C91C1A6F-CCE9-428B-B154-15ABF1E819DA}.Debug|Any CPU.Build.0 = Debug|Any CPU
		{C91C1A6F-CCE9-428B-B154-15ABF1E819DA}.Debug|x86.ActiveCfg = Debug|Any CPU
		{C91C1A6F-CCE9-428B-B154-15ABF1E819DA}.Debug|x86.Build.0 = Debug|Any CPU
		{C91C1A6F-CCE9-428B-B154-15ABF1E819DA}.Release|Any CPU.ActiveCfg = Release|Any CPU
		{C91C1A6F-CCE9-428B-B154-15ABF1E819DA}.Release|Any CPU.Build.0 = Release|Any CPU
		{C91C1A6F-CCE9-428B-B154-15ABF1E819DA}.Release|x86.ActiveCfg = Release|Any CPU
		{C91C1A6F-CCE9-428B-B154-15ABF1E819DA}.Release|x86.Build.0 = Release|Any CPU
		{221CF20F-6617-4C04-A7B2-6C9AECE104F5}.Debug|Any CPU.ActiveCfg = Debug|Any CPU
		{221CF20F-6617-4C04-A7B2-6C9AECE104F5}.Debug|Any CPU.Build.0 = Debug|Any CPU
		{221CF20F-6617-4C04-A7B2-6C9AECE104F5}.Debug|x86.ActiveCfg = Debug|Any CPU
		{221CF20F-6617-4C04-A7B2-6C9AECE104F5}.Debug|x86.Build.0 = Debug|Any CPU
		{221CF20F-6617-4C04-A7B2-6C9AECE104F5}.Release|Any CPU.ActiveCfg = Release|Any CPU
		{221CF20F-6617-4C04-A7B2-6C9AECE104F5}.Release|Any CPU.Build.0 = Release|Any CPU
		{221CF20F-6617-4C04-A7B2-6C9AECE104F5}.Release|x86.ActiveCfg = Release|Any CPU
		{221CF20F-6617-4C04-A7B2-6C9AECE104F5}.Release|x86.Build.0 = Release|Any CPU
		{BB89DFEB-3F10-4E29-BFAB-595521776601}.Debug|Any CPU.ActiveCfg = Debug|Any CPU
		{BB89DFEB-3F10-4E29-BFAB-595521776601}.Debug|Any CPU.Build.0 = Debug|Any CPU
		{BB89DFEB-3F10-4E29-BFAB-595521776601}.Debug|x86.ActiveCfg = Debug|Any CPU
		{BB89DFEB-3F10-4E29-BFAB-595521776601}.Debug|x86.Build.0 = Debug|Any CPU
		{BB89DFEB-3F10-4E29-BFAB-595521776601}.Release|Any CPU.ActiveCfg = Release|Any CPU
		{BB89DFEB-3F10-4E29-BFAB-595521776601}.Release|Any CPU.Build.0 = Release|Any CPU
		{BB89DFEB-3F10-4E29-BFAB-595521776601}.Release|x86.ActiveCfg = Release|Any CPU
		{BB89DFEB-3F10-4E29-BFAB-595521776601}.Release|x86.Build.0 = Release|Any CPU
		{C1E959F2-DB79-4083-BB6A-24C489312C22}.Debug|Any CPU.ActiveCfg = Debug|Any CPU
		{C1E959F2-DB79-4083-BB6A-24C489312C22}.Debug|Any CPU.Build.0 = Debug|Any CPU
		{C1E959F2-DB79-4083-BB6A-24C489312C22}.Debug|x86.ActiveCfg = Debug|Any CPU
		{C1E959F2-DB79-4083-BB6A-24C489312C22}.Debug|x86.Build.0 = Debug|Any CPU
		{C1E959F2-DB79-4083-BB6A-24C489312C22}.Release|Any CPU.ActiveCfg = Release|Any CPU
		{C1E959F2-DB79-4083-BB6A-24C489312C22}.Release|Any CPU.Build.0 = Release|Any CPU
		{C1E959F2-DB79-4083-BB6A-24C489312C22}.Release|x86.ActiveCfg = Release|Any CPU
		{C1E959F2-DB79-4083-BB6A-24C489312C22}.Release|x86.Build.0 = Release|Any CPU
	EndGlobalSection
	GlobalSection(SolutionProperties) = preSolution
		HideSolutionNode = FALSE
	EndGlobalSection
	GlobalSection(NestedProjects) = preSolution
		{DC4C8DC2-3526-4F87-8387-0E9F40BF0497} = {4C5796D0-42B7-4436-A8C2-1B53A989835E}
		{BD56BE1B-82AB-48CF-8D46-6D31099C79CC} = {C4EA50E7-3A96-4C59-A1ED-EB38ACB61424}
		{AE8BC796-4315-4CEF-8C49-47D2FEF8E924} = {4C5796D0-42B7-4436-A8C2-1B53A989835E}
		{C19D4D7C-ED69-4B17-AFAA-CB0D8025393F} = {4C5796D0-42B7-4436-A8C2-1B53A989835E}
		{C0904323-0610-4DB3-9251-46091B9D3A1A} = {5CF17BE0-CCDB-481A-A4A9-CE03754EBD92}
		{8E81341F-61F1-47BF-8929-B9A6FFF148FB} = {4C5796D0-42B7-4436-A8C2-1B53A989835E}
		{5F153A4D-B039-42A8-99D7-CD5C4997F77B} = {5CF17BE0-CCDB-481A-A4A9-CE03754EBD92}
		{FFD15E66-2DDB-4C5F-AEE7-D9584A5C9812} = {769F9401-1018-415F-B64A-B284183ED494}
		{EDFE9736-6D0D-458F-84E7-56BC1A78FD6E} = {769F9401-1018-415F-B64A-B284183ED494}
		{7869E618-6828-4FFA-83B1-F3318E62A74C} = {5CF17BE0-CCDB-481A-A4A9-CE03754EBD92}
		{706A7E66-BB61-4C79-8E7E-C37D77306D9E} = {4EEF6615-6C2B-47C7-881F-A69DBFC54B47}
		{BA9D3BB5-8202-40D9-8976-9E4CE41D4B3B} = {706A7E66-BB61-4C79-8E7E-C37D77306D9E}
		{C5DF1364-61C7-43A9-A8BC-38A40427959D} = {5CF17BE0-CCDB-481A-A4A9-CE03754EBD92}
		{F30D70E7-6BAB-4B36-9471-E0B1F09C3FD0} = {4EEF6615-6C2B-47C7-881F-A69DBFC54B47}
		{6CD67905-934E-49CC-92CA-2BB979F28F05} = {F30D70E7-6BAB-4B36-9471-E0B1F09C3FD0}
		{DBF2C6A5-E42B-449E-8897-6D5A3FBBE973} = {F30D70E7-6BAB-4B36-9471-E0B1F09C3FD0}
		{9A9B6C38-9823-4958-BA86-5126D20AA5B8} = {F30D70E7-6BAB-4B36-9471-E0B1F09C3FD0}
		{803D9516-9F7A-416A-9015-C9593452A12C} = {F30D70E7-6BAB-4B36-9471-E0B1F09C3FD0}
		{C6A93A8F-4240-4060-B708-92A66077EABC} = {769882DB-4C0C-422A-9978-3F2629394E42}
		{28AED74E-A17A-4A54-AA11-16160AE797B3} = {47E174F9-EC71-4927-97DC-46B5FBDBF296}
		{6125D07E-F7F4-4B40-AA65-3B4915D12705} = {706A7E66-BB61-4C79-8E7E-C37D77306D9E}
		{01D19C6B-F771-419C-9107-6C40BB993129} = {706A7E66-BB61-4C79-8E7E-C37D77306D9E}
		{C5913A2A-A012-4D93-BD10-DC5E22DBCFD6} = {706A7E66-BB61-4C79-8E7E-C37D77306D9E}
		{9AC63AFC-7F42-4D9E-929B-7892F4C44D7B} = {4EEF6615-6C2B-47C7-881F-A69DBFC54B47}
		{D9E2E352-2690-4449-AC9D-A21526D24E14} = {9AC63AFC-7F42-4D9E-929B-7892F4C44D7B}
		{4B8CACB0-87B8-4C9F-9A43-A539EBC6C8A2} = {9AC63AFC-7F42-4D9E-929B-7892F4C44D7B}
		{5CC5E7ED-B809-462F-9974-4838F9FFA80C} = {9AC63AFC-7F42-4D9E-929B-7892F4C44D7B}
		{DB703517-CD26-42D6-93F8-31FF8340CABE} = {0D3A87C9-95EE-4A8E-B2C7-BE2C4424CC3F}
		{ADE22C4D-F4AE-4B10-995C-0D3A56BE43CD} = {4A9B509B-328A-4F95-97C6-9FF36978E904}
		{409029D5-BD38-4B81-83E2-7A6E212B3DEC} = {4EEF6615-6C2B-47C7-881F-A69DBFC54B47}
		{C91C1A6F-CCE9-428B-B154-15ABF1E819DA} = {409029D5-BD38-4B81-83E2-7A6E212B3DEC}
		{221CF20F-6617-4C04-A7B2-6C9AECE104F5} = {5CF17BE0-CCDB-481A-A4A9-CE03754EBD92}
		{BB89DFEB-3F10-4E29-BFAB-595521776601} = {4F97126E-2C8E-4E42-877C-08DB87F481AA}
		{C1E959F2-DB79-4083-BB6A-24C489312C22} = {769882DB-4C0C-422A-9978-3F2629394E42}
	EndGlobalSection
	GlobalSection(ExtensibilityGlobals) = postSolution
		EnterpriseLibraryConfigurationToolBinariesPathV6 = packages\EnterpriseLibrary.Common.6.0.1304.0\lib\NET45
		EnterpriseLibraryConfigurationToolBinariesPath = packages\Unity.2.1.505.0\lib\NET35;packages\Unity.Interception.2.1.505.0\lib\NET35;packages\EnterpriseLibrary.Common.5.0.505.0\lib\NET35;packages\EnterpriseLibrary.Validation.5.0.505.0\lib\NET35;packages\EntLibContrib.Validation.5.0.505.0\lib\NET35;packages\Unity.2.1.505.2\lib\NET35
	EndGlobalSection
EndGlobal
